
Microsoft Visual Studio Solution File, Format Version 12.00
# Visual Studio Version 16
VisualStudioVersion = 16.0.31005.135
MinimumVisualStudioVersion = 10.0.40219.1
Project("{8BC9CEB8-8B4A-11D0-8D11-00A0C91BC942}") = "nes_ntsc", "nes_ntsc.vcxproj", "{210196B5-2B0F-4E16-BDBA-F13BCD184E00}"
EndProject
Global
	GlobalSection(SolutionConfigurationPlatforms) = preSolution
		Debug|x64 = Debug|x64
		Debug|x86 = Debug|x86
		Release|x64 = Release|x64
		Release|x86 = Release|x86
	EndGlobalSection
	GlobalSection(ProjectConfigurationPlatforms) = postSolution
		{210196B5-2B0F-4E16-BDBA-F13BCD184E00}.Debug|x64.ActiveCfg = Debug|x64
		{210196B5-2B0F-4E16-BDBA-F13BCD184E00}.Debug|x64.Build.0 = Debug|x64
		{210196B5-2B0F-4E16-BDBA-F13BCD184E00}.Debug|x86.ActiveCfg = Debug|Win32
		{210196B5-2B0F-4E16-BDBA-F13BCD184E00}.Debug|x86.Build.0 = Debug|Win32
		{210196B5-2B0F-4E16-BDBA-F13BCD184E00}.Release|x64.ActiveCfg = Release|x64
		{210196B5-2B0F-4E16-BDBA-F13BCD184E00}.Release|x64.Build.0 = Release|x64
		{210196B5-2B0F-4E16-BDBA-F13BCD184E00}.Release|x86.ActiveCfg = Release|Win32
		{210196B5-2B0F-4E16-BDBA-F13BCD184E00}.Release|x86.Build.0 = Release|Win32
	EndGlobalSection
	GlobalSection(SolutionProperties) = preSolution
		HideSolutionNode = FALSE
	EndGlobalSection
	GlobalSection(ExtensibilityGlobals) = postSolution
		SolutionGuid = {B2C20870-0585-41F7-9F2B-E35646E86A27}
	EndGlobalSection
EndGlobal
